// !$*UTF8*$!
{
	archiveVersion = 1;
	classes = {
	};
	objectVersion = 48;
	objects = {

/* Begin PBXBuildFile section */
		162D8E6D2009C32A0031543C /* AppDelegate.m in Sources */ = {isa = PBXBuildFile; fileRef = 162D8E6C2009C32A0031543C /* AppDelegate.m */; };
		162D8E702009C32A0031543C /* ViewController.m in Sources */ = {isa = PBXBuildFile; fileRef = 162D8E6F2009C32A0031543C /* ViewController.m */; };
		162D8E732009C32A0031543C /* Main.storyboard in Resources */ = {isa = PBXBuildFile; fileRef = 162D8E712009C32A0031543C /* Main.storyboard */; };
		162D8E752009C32A0031543C /* Assets.xcassets in Resources */ = {isa = PBXBuildFile; fileRef = 162D8E742009C32A0031543C /* Assets.xcassets */; };
		162D8E782009C32A0031543C /* LaunchScreen.storyboard in Resources */ = {isa = PBXBuildFile; fileRef = 162D8E762009C32A0031543C /* LaunchScreen.storyboard */; };
		162D8E7B2009C32A0031543C /* main.m in Sources */ = {isa = PBXBuildFile; fileRef = 162D8E7A2009C32A0031543C /* main.m */; };
		162D8E832009E3DA0031543C /* LYSampleCollectionViewCell.m in Sources */ = {isa = PBXBuildFile; fileRef = 162D8E822009E3DA0031543C /* LYSampleCollectionViewCell.m */; };
		162D8E862009F70A0031543C /* LYPictureBrowserView.m in Sources */ = {isa = PBXBuildFile; fileRef = 162D8E852009F70A0031543C /* LYPictureBrowserView.m */; };
		1692E093200C80460018ECD6 /* LYAdvertisingCollectionViewFlowLaout.m in Sources */ = {isa = PBXBuildFile; fileRef = 1692E091200C80460018ECD6 /* LYAdvertisingCollectionViewFlowLaout.m */; };
		1692E096200C808A0018ECD6 /* LYAdvertisingView.m in Sources */ = {isa = PBXBuildFile; fileRef = 1692E095200C808A0018ECD6 /* LYAdvertisingView.m */; };
/* End PBXBuildFile section */

/* Begin PBXFileReference section */
		162D8E682009C32A0031543C /* PictureBrowser.app */ = {isa = PBXFileReference; explicitFileType = wrapper.application; includeInIndex = 0; path = PictureBrowser.app; sourceTree = BUILT_PRODUCTS_DIR; };
		162D8E6B2009C32A0031543C /* AppDelegate.h */ = {isa = PBXFileReference; lastKnownFileType = sourcecode.c.h; path = AppDelegate.h; sourceTree = "<group>"; };
		162D8E6C2009C32A0031543C /* AppDelegate.m */ = {isa = PBXFileReference; lastKnownFileType = sourcecode.c.objc; path = AppDelegate.m; sourceTree = "<group>"; };
		162D8E6E2009C32A0031543C /* ViewController.h */ = {isa = PBXFileReference; lastKnownFileType = sourcecode.c.h; path = ViewController.h; sourceTree = "<group>"; };
		162D8E6F2009C32A0031543C /* ViewController.m */ = {isa = PBXFileReference; lastKnownFileType = sourcecode.c.objc; path = ViewController.m; sourceTree = "<group>"; };
		162D8E722009C32A0031543C /* Base */ = {isa = PBXFileReference; lastKnownFileType = file.storyboard; name = Base; path = Base.lproj/Main.storyboard; sourceTree = "<group>"; };
		162D8E742009C32A0031543C /* Assets.xcassets */ = {isa = PBXFileReference; lastKnownFileType = folder.assetcatalog; path = Assets.xcassets; sourceTree = "<group>"; };
		162D8E772009C32A0031543C /* Base */ = {isa = PBXFileReference; lastKnownFileType = file.storyboard; name = Base; path = Base.lproj/LaunchScreen.storyboard; sourceTree = "<group>"; };
		162D8E792009C32A0031543C /* Info.plist */ = {isa = PBXFileReference; lastKnownFileType = text.plist.xml; path = Info.plist; sourceTree = "<group>"; };
		162D8E7A2009C32A0031543C /* main.m */ = {isa = PBXFileReference; lastKnownFileType = sourcecode.c.objc; path = main.m; sourceTree = "<group>"; };
		162D8E812009E3DA0031543C /* LYSampleCollectionViewCell.h */ = {isa = PBXFileReference; lastKnownFileType = sourcecode.c.h; path = LYSampleCollectionViewCell.h; sourceTree = "<group>"; };
		162D8E822009E3DA0031543C /* LYSampleCollectionViewCell.m */ = {isa = PBXFileReference; lastKnownFileType = sourcecode.c.objc; path = LYSampleCollectionViewCell.m; sourceTree = "<group>"; };
		162D8E842009F70A0031543C /* LYPictureBrowserView.h */ = {isa = PBXFileReference; lastKnownFileType = sourcecode.c.h; path = LYPictureBrowserView.h; sourceTree = "<group>"; };
		162D8E852009F70A0031543C /* LYPictureBrowserView.m */ = {isa = PBXFileReference; lastKnownFileType = sourcecode.c.objc; path = LYPictureBrowserView.m; sourceTree = "<group>"; };
		1692E091200C80460018ECD6 /* LYAdvertisingCollectionViewFlowLaout.m */ = {isa = PBXFileReference; fileEncoding = 4; lastKnownFileType = sourcecode.c.objc; path = LYAdvertisingCollectionViewFlowLaout.m; sourceTree = "<group>"; };
		1692E092200C80460018ECD6 /* LYAdvertisingCollectionViewFlowLaout.h */ = {isa = PBXFileReference; fileEncoding = 4; lastKnownFileType = sourcecode.c.h; path = LYAdvertisingCollectionViewFlowLaout.h; sourceTree = "<group>"; };
		1692E094200C808A0018ECD6 /* LYAdvertisingView.h */ = {isa = PBXFileReference; lastKnownFileType = sourcecode.c.h; path = LYAdvertisingView.h; sourceTree = "<group>"; };
		1692E095200C808A0018ECD6 /* LYAdvertisingView.m */ = {isa = PBXFileReference; lastKnownFileType = sourcecode.c.objc; path = LYAdvertisingView.m; sourceTree = "<group>"; };
/* End PBXFileReference section */

/* Begin PBXFrameworksBuildPhase section */
		162D8E652009C32A0031543C /* Frameworks */ = {
			isa = PBXFrameworksBuildPhase;
			buildActionMask = 2147483647;
			files = (
			);
			runOnlyForDeploymentPostprocessing = 0;
		};
/* End PBXFrameworksBuildPhase section */

/* Begin PBXGroup section */
		162D8E5F2009C32A0031543C = {
			isa = PBXGroup;
			children = (
				162D8E6A2009C32A0031543C /* PictureBrowser */,
				162D8E692009C32A0031543C /* Products */,
			);
			sourceTree = "<group>";
		};
		162D8E692009C32A0031543C /* Products */ = {
			isa = PBXGroup;
			children = (
				162D8E682009C32A0031543C /* PictureBrowser.app */,
			);
			name = Products;
			sourceTree = "<group>";
		};
		162D8E6A2009C32A0031543C /* PictureBrowser */ = {
			isa = PBXGroup;
			children = (
				162D8E6B2009C32A0031543C /* AppDelegate.h */,
				162D8E6C2009C32A0031543C /* AppDelegate.m */,
				162D8E6E2009C32A0031543C /* ViewController.h */,
				162D8E6F2009C32A0031543C /* ViewController.m */,
				162D8E842009F70A0031543C /* LYPictureBrowserView.h */,
				162D8E852009F70A0031543C /* LYPictureBrowserView.m */,
				1692E094200C808A0018ECD6 /* LYAdvertisingView.h */,
				1692E095200C808A0018ECD6 /* LYAdvertisingView.m */,
				162D8E812009E3DA0031543C /* LYSampleCollectionViewCell.h */,
				162D8E822009E3DA0031543C /* LYSampleCollectionViewCell.m */,
				1692E092200C80460018ECD6 /* LYAdvertisingCollectionViewFlowLaout.h */,
				1692E091200C80460018ECD6 /* LYAdvertisingCollectionViewFlowLaout.m */,
				162D8E712009C32A0031543C /* Main.storyboard */,
				162D8E742009C32A0031543C /* Assets.xcassets */,
				162D8E762009C32A0031543C /* LaunchScreen.storyboard */,
				162D8E792009C32A0031543C /* Info.plist */,
				162D8E7A2009C32A0031543C /* main.m */,
			);
			path = PictureBrowser;
			sourceTree = "<group>";
		};
/* End PBXGroup section */

/* Begin PBXNativeTarget section */
		162D8E672009C32A0031543C /* PictureBrowser */ = {
			isa = PBXNativeTarget;
			buildConfigurationList = 162D8E7E2009C32A0031543C /* Build configuration list for PBXNativeTarget "PictureBrowser" */;
			buildPhases = (
				162D8E642009C32A0031543C /* Sources */,
				162D8E652009C32A0031543C /* Frameworks */,
				162D8E662009C32A0031543C /* Resources */,
			);
			buildRules = (
			);
			dependencies = (
			);
			name = PictureBrowser;
			productName = PictureBrowser;
			productReference = 162D8E682009C32A0031543C /* PictureBrowser.app */;
			productType = "com.apple.product-type.application";
		};
/* End PBXNativeTarget section */

/* Begin PBXProject section */
		162D8E602009C32A0031543C /* Project object */ = {
			isa = PBXProject;
			attributes = {
				LastUpgradeCheck = 0920;
				ORGANIZATIONNAME = Stone.Yu;
				TargetAttributes = {
					162D8E672009C32A0031543C = {
						CreatedOnToolsVersion = 9.2;
						ProvisioningStyle = Automatic;
					};
				};
			};
			buildConfigurationList = 162D8E632009C32A0031543C /* Build configuration list for PBXProject "PictureBrowser" */;
			compatibilityVersion = "Xcode 8.0";
			developmentRegion = en;
			hasScannedForEncodings = 0;
			knownRegions = (
				en,
				Base,
			);
			mainGroup = 162D8E5F2009C32A0031543C;
			productRefGroup = 162D8E692009C32A0031543C /* Products */;
			projectDirPath = "";
			projectRoot = "";
			targets = (
				162D8E672009C32A0031543C /* PictureBrowser */,
			);
		};
/* End PBXProject section */

/* Begin PBXResourcesBuildPhase section */
		162D8E662009C32A0031543C /* Resources */ = {
			isa = PBXResourcesBuildPhase;
			buildActionMask = 2147483647;
			files = (
				162D8E782009C32A0031543C /* LaunchScreen.storyboard in Resources */,
				162D8E752009C32A0031543C /* Assets.xcassets in Resources */,
				162D8E732009C32A0031543C /* Main.storyboard in Resources */,
			);
			runOnlyForDeploymentPostprocessing = 0;
		};
/* End PBXResourcesBuildPhase section */

/* Begin PBXSourcesBuildPhase section */
		162D8E642009C32A0031543C /* Sources */ = {
			isa = PBXSourcesBuildPhase;
			buildActionMask = 2147483647;
			files = (
				162D8E702009C32A0031543C /* ViewController.m in Sources */,
				162D8E832009E3DA0031543C /* LYSampleCollectionViewCell.m in Sources */,
				1692E093200C80460018ECD6 /* LYAdvertisingCollectionViewFlowLaout.m in Sources */,
				1692E096200C808A0018ECD6 /* LYAdvertisingView.m in Sources */,
				162D8E7B2009C32A0031543C /* main.m in Sources */,
				162D8E862009F70A0031543C /* LYPictureBrowserView.m in Sources */,
				162D8E6D2009C32A0031543C /* AppDelegate.m in Sources */,
			);
			runOnlyForDeploymentPostprocessing = 0;
		};
/* End PBXSourcesBuildPhase section */

/* Begin PBXVariantGroup section */
		162D8E712009C32A0031543C /* Main.storyboard */ = {
			isa = PBXVariantGroup;
			children = (
				162D8E722009C32A0031543C /* Base */,
			);
			name = Main.storyboard;
			sourceTree = "<group>";
		};
		162D8E762009C32A0031543C /* LaunchScreen.storyboard */ = {
			isa = PBXVariantGroup;
			children = (
				162D8E772009C32A0031543C /* Base */,
			);
			name = LaunchScreen.storyboard;
			sourceTree = "<group>";
		};
/* End PBXVariantGroup section */

/* Begin XCBuildConfiguration section */
		162D8E7C2009C32A0031543C /* Debug */ = {
			isa = XCBuildConfiguration;
			buildSettings = {
				ALWAYS_SEARCH_USER_PATHS = NO;
				CLANG_ANALYZER_NONNULL = YES;
				CLANG_ANALYZER_NUMBER_OBJECT_CONVERSION = YES_AGGRESSIVE;
				CLANG_CXX_LANGUAGE_STANDARD = "gnu++14";
				CLANG_CXX_LIBRARY = "libc++";
				CLANG_ENABLE_MODULES = YES;
				CLANG_ENABLE_OBJC_ARC = YES;
				CLANG_WARN_BLOCK_CAPTURE_AUTORELEASING = YES;
				CLANG_WARN_BOOL_CONVERSION = YES;
				CLANG_WARN_COMMA = YES;
				CLANG_WARN_CONSTANT_CONVERSION = YES;
				CLANG_WARN_DIRECT_OBJC_ISA_USAGE = YES_ERROR;
				CLANG_WARN_DOCUMENTATION_COMMENTS = YES;
				CLANG_WARN_EMPTY_BODY = YES;
				CLANG_WARN_ENUM_CONVERSION = YES;
				CLANG_WARN_INFINITE_RECURSION = YES;
				CLANG_WARN_INT_CONVERSION = YES;
				CLANG_WARN_NON_LITERAL_NULL_CONVERSION = YES;
				CLANG_WARN_OBJC_LITERAL_CONVERSION = YES;
				CLANG_WARN_OBJC_ROOT_CLASS = YES_ERROR;
				CLANG_WARN_RANGE_LOOP_ANALYSIS = YES;
				CLANG_WARN_STRICT_PROTOTYPES = YES;
				CLANG_WARN_SUSPICIOUS_MOVE = YES;
				CLANG_WARN_UNGUARDED_AVAILABILITY = YES_AGGRESSIVE;
				CLANG_WARN_UNREACHABLE_CODE = YES;
				CLANG_WARN__DUPLICATE_METHOD_MATCH = YES;
				CODE_SIGN_IDENTITY = "iPhone Developer";
				COPY_PHASE_STRIP = NO;
				DEBUG_INFORMATION_FORMAT = dwarf;
				ENABLE_STRICT_OBJC_MSGSEND = YES;
				ENABLE_TESTABILITY = YES;
				GCC_C_LANGUAGE_STANDARD = gnu11;
				GCC_DYNAMIC_NO_PIC = NO;
				GCC_NO_COMMON_BLOCKS = YES;
				GCC_OPTIMIZATION_LEVEL = 0;
				GCC_PREPROCESSOR_DEFINITIONS = (
					"DEBUG=1",
					"$(inherited)",
				);
				GCC_WARN_64_TO_32_BIT_CONVERSION = YES;
				GCC_WARN_ABOUT_RETURN_TYPE = YES_ERROR;
				GCC_WARN_UNDECLARED_SELECTOR = YES;
				GCC_WARN_UNINITIALIZED_AUTOS = YES_AGGRESSIVE;
				GCC_WARN_UNUSED_FUNCTION = YES;
				GCC_WARN_UNUSED_VARIABLE = YES;
				IPHONEOS_DEPLOYMENT_TARGET = 11.2;
				MTL_ENABLE_DEBUG_INFO = YES;
				ONLY_ACTIVE_ARCH = YES;
				SDKROOT = iphoneos;
			};
			name = Debug;
		};
		162D8E7D2009C32A0031543C /* Release */ = {
			isa = XCBuildConfiguration;
			buildSettings = {
				ALWAYS_SEARCH_USER_PATHS = NO;
				CLANG_ANALYZER_NONNULL = YES;
				CLANG_ANALYZER_NUMBER_OBJECT_CONVERSION = YES_AGGRESSIVE;
				CLANG_CXX_LANGUAGE_STANDARD = "gnu++14";
				CLANG_CXX_LIBRARY = "libc++";
				CLANG_ENABLE_MODULES = YES;
				CLANG_ENABLE_OBJC_ARC = YES;
				CLANG_WARN_BLOCK_CAPTURE_AUTORELEASING = YES;
				CLANG_WARN_BOOL_CONVERSION = YES;
				CLANG_WARN_COMMA = YES;
				CLANG_WARN_CONSTANT_CONVERSION = YES;
				CLANG_WARN_DIRECT_OBJC_ISA_USAGE = YES_ERROR;
				CLANG_WARN_DOCUMENTATION_COMMENTS = YES;
				CLANG_WARN_EMPTY_BODY = YES;
				CLANG_WARN_ENUM_CONVERSION = YES;
				CLANG_WARN_INFINITE_RECURSION = YES;
				CLANG_WARN_INT_CONVERSION = YES;
				CLANG_WARN_NON_LITERAL_NULL_CONVERSION = YES;
				CLANG_WARN_OBJC_LITERAL_CONVERSION = YES;
				CLANG_WARN_OBJC_ROOT_CLASS = YES_ERROR;
				CLANG_WARN_RANGE_LOOP_ANALYSIS = YES;
				CLANG_WARN_STRICT_PROTOTYPES = YES;
				CLANG_WARN_SUSPICIOUS_MOVE = YES;
				CLANG_WARN_UNGUARDED_AVAILABILITY = YES_AGGRESSIVE;
				CLANG_WARN_UNREACHABLE_CODE = YES;
				CLANG_WARN__DUPLICATE_METHOD_MATCH = YES;
				CODE_SIGN_IDENTITY = "iPhone Developer";
				COPY_PHASE_STRIP = NO;
				DEBUG_INFORMATION_FORMAT = "dwarf-with-dsym";
				ENABLE_NS_ASSERTIONS = NO;
				ENABLE_STRICT_OBJC_MSGSEND = YES;
				GCC_C_LANGUAGE_STANDARD = gnu11;
				GCC_NO_COMMON_BLOCKS = YES;
				GCC_WARN_64_TO_32_BIT_CONVERSION = YES;
				GCC_WARN_ABOUT_RETURN_TYPE = YES_ERROR;
				GCC_WARN_UNDECLARED_SELECTOR = YES;
				GCC_WARN_UNINITIALIZED_AUTOS = YES_AGGRESSIVE;
				GCC_WARN_UNUSED_FUNCTION = YES;
				GCC_WARN_UNUSED_VARIABLE = YES;
				IPHONEOS_DEPLOYMENT_TARGET = 11.2;
				MTL_ENABLE_DEBUG_INFO = NO;
				SDKROOT = iphoneos;
				VALIDATE_PRODUCT = YES;
			};
			name = Release;
		};
		162D8E7F2009C32A0031543C /* Debug */ = {
			isa = XCBuildConfiguration;
			buildSettings = {
				ASSETCATALOG_COMPILER_APPICON_NAME = AppIcon;
				CODE_SIGN_STYLE = Automatic;
				DEVELOPMENT_TEAM = 4T99T39TS8;
				INFOPLIST_FILE = PictureBrowser/Info.plist;
				LD_RUNPATH_SEARCH_PATHS = "$(inherited) @executable_path/Frameworks";
				PRODUCT_BUNDLE_IDENTIFIER = com.stone.PictureBrowser;
				PRODUCT_NAME = "$(TARGET_NAME)";
				TARGETED_DEVICE_FAMILY = "1,2";
			};
			name = Debug;
		};
		162D8E802009C32A0031543C /* Release */ = {
			isa = XCBuildConfiguration;
			buildSettings = {
				ASSETCATALOG_COMPILER_APPICON_NAME = AppIcon;
				CODE_SIGN_STYLE = Automatic;
				DEVELOPMENT_TEAM = 4T99T39TS8;
				INFOPLIST_FILE = PictureBrowser/Info.plist;
				LD_RUNPATH_SEARCH_PATHS = "$(inherited) @executable_path/Frameworks";
				PRODUCT_BUNDLE_IDENTIFIER = com.stone.PictureBrowser;
				PRODUCT_NAME = "$(TARGET_NAME)";
				TARGETED_DEVICE_FAMILY = "1,2";
			};
			name = Release;
		};
/* End XCBuildConfiguration section */

/* Begin XCConfigurationList section */
		162D8E632009C32A0031543C /* Build configuration list for PBXProject "PictureBrowser" */ = {
			isa = XCConfigurationList;
			buildConfigurations = (
				162D8E7C2009C32A0031543C /* Debug */,
				162D8E7D2009C32A0031543C /* Release */,
			);
			defaultConfigurationIsVisible = 0;
			defaultConfigurationName = Release;
		};
		162D8E7E2009C32A0031543C /* Build configuration list for PBXNativeTarget "PictureBrowser" */ = {
			isa = XCConfigurationList;
			buildConfigurations = (
				162D8E7F2009C32A0031543C /* Debug */,
				162D8E802009C32A0031543C /* Release */,
			);
			defaultConfigurationIsVisible = 0;
			defaultConfigurationName = Release;
		};
/* End XCConfigurationList section */
	};
	rootObject = 162D8E602009C32A0031543C /* Project object */;
}
